
Microsoft Visual Studio Solution File, Format Version 12.00
# Visual Studio Version 17
VisualStudioVersion = 17.5.33414.496
MinimumVisualStudioVersion = 10.0.40219.1
Project("{FAE04EC0-301F-11D3-BF4B-00C04F79EFBC}") = "CIS153_FinalProject", "CIS153_FinalProject\CIS153_FinalProject.csproj", "{A62E4CA6-256A-42D9-A03D-A1A5952FE699}"
EndProject
Global
	GlobalSection(SolutionConfigurationPlatforms) = preSolution
		Debug|Any CPU = Debug|Any CPU
		Release|Any CPU = Release|Any CPU
	EndGlobalSection
	GlobalSection(ProjectConfigurationPlatforms) = postSolution
		{A62E4CA6-256A-42D9-A03D-A1A5952FE699}.Debug|Any CPU.ActiveCfg = Debug|Any CPU
		{A62E4CA6-256A-42D9-A03D-A1A5952FE699}.Debug|Any CPU.Build.0 = Debug|Any CPU
		{A62E4CA6-256A-42D9-A03D-A1A5952FE699}.Release|Any CPU.ActiveCfg = Release|Any CPU
		{A62E4CA6-256A-42D9-A03D-A1A5952FE699}.Release|Any CPU.Build.0 = Release|Any CPU
	EndGlobalSection
	GlobalSection(SolutionProperties) = preSolution
		HideSolutionNode = FALSE
	EndGlobalSection
	GlobalSection(ExtensibilityGlobals) = postSolution
		SolutionGuid = {56AC5666-4751-4DF9-9302-86E2F24FA432}
	EndGlobalSection
EndGlobal
